
Microsoft Visual Studio Solution File, Format Version 12.00
# Visual Studio Version 17
VisualStudioVersion = 17.4.33205.214
MinimumVisualStudioVersion = 10.0.40219.1
Project("{FAE04EC0-301F-11D3-BF4B-00C04F79EFBC}") = "ProjetoTesteGoogle", "ProjetoTesteGoogle\ProjetoTesteGoogle.csproj", "{129FE1C3-FB90-4049-BA2A-3BC29BF14835}"
EndProject
Global
	GlobalSection(SolutionConfigurationPlatforms) = preSolution
		Debug|Any CPU = Debug|Any CPU
		Release|Any CPU = Release|Any CPU
	EndGlobalSection
	GlobalSection(ProjectConfigurationPlatforms) = postSolution
		{129FE1C3-FB90-4049-BA2A-3BC29BF14835}.Debug|Any CPU.ActiveCfg = Debug|Any CPU
		{129FE1C3-FB90-4049-BA2A-3BC29BF14835}.Debug|Any CPU.Build.0 = Debug|Any CPU
		{129FE1C3-FB90-4049-BA2A-3BC29BF14835}.Release|Any CPU.ActiveCfg = Release|Any CPU
		{129FE1C3-FB90-4049-BA2A-3BC29BF14835}.Release|Any CPU.Build.0 = Release|Any CPU
	EndGlobalSection
	GlobalSection(SolutionProperties) = preSolution
		HideSolutionNode = FALSE
	EndGlobalSection
	GlobalSection(ExtensibilityGlobals) = postSolution
		SolutionGuid = {F3F5FCDB-BF8B-4608-BB1A-80A336F21639}
	EndGlobalSection
EndGlobal
